Microsoft Visual Studio Solution File, Format Version 12.00
# Visual Studio Version 17
VisualStudioVersion = 17.5.2.0
MinimumVisualStudioVersion = 10.0.40219.1
Project("{FAE04EC0-301F-11D3-BF4B-00C04F79EFBC}") = "RepairPartsProWeb", "RepairPartsProWeb.csproj", "{FB126722-CE30-D389-BDAE-95B8F9DBA4C3}"
EndProject
Project("{FAE04EC0-301F-11D3-BF4B-00C04F79EFBC}") = "RepairPartsPro.Tests", "RepairPartsPro.Tests\RepairPartsPro.Tests.csproj", "{8F1200B7-6E79-4A3F-B5E7-3BC1944C36A1}"
EndProject
Global
	GlobalSection(SolutionConfigurationPlatforms) = preSolution
		Debug|Any CPU = Debug|Any CPU
		Release|Any CPU = Release|Any CPU
	EndGlobalSection
	GlobalSection(ProjectConfigurationPlatforms) = postSolution
		{FB126722-CE30-D389-BDAE-95B8F9DBA4C3}.Debug|Any CPU.ActiveCfg = Debug|Any CPU
		{FB126722-CE30-D389-BDAE-95B8F9DBA4C3}.Debug|Any CPU.Build.0 = Debug|Any CPU
		{FB126722-CE30-D389-BDAE-95B8F9DBA4C3}.Release|Any CPU.ActiveCfg = Release|Any CPU
		{FB126722-CE30-D389-BDAE-95B8F9DBA4C3}.Release|Any CPU.Build.0 = Release|Any CPU
		{8F1200B7-6E79-4A3F-B5E7-3BC1944C36A1}.Debug|Any CPU.ActiveCfg = Debug|Any CPU
		{8F1200B7-6E79-4A3F-B5E7-3BC1944C36A1}.Debug|Any CPU.Build.0 = Debug|Any CPU
		{8F1200B7-6E79-4A3F-B5E7-3BC1944C36A1}.Release|Any CPU.ActiveCfg = Release|Any CPU
		{8F1200B7-6E79-4A3F-B5E7-3BC1944C36A1}.Release|Any CPU.Build.0 = Release|Any CPU
	EndGlobalSection
	GlobalSection(SolutionProperties) = preSolution
		HideSolutionNode = FALSE
	EndGlobalSection
	GlobalSection(ExtensibilityGlobals) = postSolution
		SolutionGuid = {0C6B0F41-B9B1-46FE-BBA9-D140AC8CC259}
	EndGlobalSection
EndGlobal
